
Microsoft Visual Studio Solution File, Format Version 11.00
# Visual Studio 2010
Project("{FAE04EC0-301F-11D3-BF4B-00C04F79EFBC}") = "DataStructures", "DataStructures\DataStructures.csproj", "{24EDD1AD-A6F1-424F-9601-D9177067504F}"
EndProject
Project("{FAE04EC0-301F-11D3-BF4B-00C04F79EFBC}") = "BuilderTests", "BuilderTests\BuilderTests.csproj", "{BE28DA09-2B59-4604-9A70-D6B1D8F373B8}"
EndProject
Global
	GlobalSection(SolutionConfigurationPlatforms) = preSolution
		Debug|Any CPU = Debug|Any CPU
		Release|Any CPU = Release|Any CPU
	EndGlobalSection
	GlobalSection(ProjectConfigurationPlatforms) = postSolution
		{24EDD1AD-A6F1-424F-9601-D9177067504F}.Debug|Any CPU.ActiveCfg = Debug|Any CPU
		{24EDD1AD-A6F1-424F-9601-D9177067504F}.Debug|Any CPU.Build.0 = Debug|Any CPU
		{24EDD1AD-A6F1-424F-9601-D9177067504F}.Release|Any CPU.ActiveCfg = Release|Any CPU
		{24EDD1AD-A6F1-424F-9601-D9177067504F}.Release|Any CPU.Build.0 = Release|Any CPU
		{BE28DA09-2B59-4604-9A70-D6B1D8F373B8}.Debug|Any CPU.ActiveCfg = Debug|Any CPU
		{BE28DA09-2B59-4604-9A70-D6B1D8F373B8}.Debug|Any CPU.Build.0 = Debug|Any CPU
		{BE28DA09-2B59-4604-9A70-D6B1D8F373B8}.Release|Any CPU.ActiveCfg = Release|Any CPU
		{BE28DA09-2B59-4604-9A70-D6B1D8F373B8}.Release|Any CPU.Build.0 = Release|Any CPU
	EndGlobalSection
	GlobalSection(MonoDevelopProperties) = preSolution
		StartupItem = DataStructures\DataStructures.csproj
	EndGlobalSection
EndGlobal
